
Microsoft Visual Studio Solution File, Format Version 12.00
# Visual Studio Version 16
VisualStudioVersion = 16.0.30309.148
MinimumVisualStudioVersion = 10.0.40219.1
Project("{9A19103F-16F7-4668-BE54-9A1E7A4F7556}") = "Hawk.Core.Data", "Hawk.Core.Data\Hawk.Core.Data.csproj", "{EC40EE3F-F303-4B8B-84B9-9E3884442390}"
EndProject
Project("{FAE04EC0-301F-11D3-BF4B-00C04F79EFBC}") = "Hawk.Core.Tests", "Hawk.Core.Tests\Hawk.Core.Tests.csproj", "{F5189941-5742-45E8-8C13-17AB43EC87C4}"
EndProject
Global
	GlobalSection(SolutionConfigurationPlatforms) = preSolution
		Debug|Any CPU = Debug|Any CPU
		Release|Any CPU = Release|Any CPU
	EndGlobalSection
	GlobalSection(ProjectConfigurationPlatforms) = postSolution
		{EC40EE3F-F303-4B8B-84B9-9E3884442390}.Debug|Any CPU.ActiveCfg = Debug|Any CPU
		{EC40EE3F-F303-4B8B-84B9-9E3884442390}.Debug|Any CPU.Build.0 = Debug|Any CPU
		{EC40EE3F-F303-4B8B-84B9-9E3884442390}.Release|Any CPU.ActiveCfg = Release|Any CPU
		{EC40EE3F-F303-4B8B-84B9-9E3884442390}.Release|Any CPU.Build.0 = Release|Any CPU
		{F5189941-5742-45E8-8C13-17AB43EC87C4}.Debug|Any CPU.ActiveCfg = Debug|Any CPU
		{F5189941-5742-45E8-8C13-17AB43EC87C4}.Debug|Any CPU.Build.0 = Debug|Any CPU
		{F5189941-5742-45E8-8C13-17AB43EC87C4}.Release|Any CPU.ActiveCfg = Release|Any CPU
		{F5189941-5742-45E8-8C13-17AB43EC87C4}.Release|Any CPU.Build.0 = Release|Any CPU
	EndGlobalSection
	GlobalSection(SolutionProperties) = preSolution
		HideSolutionNode = FALSE
	EndGlobalSection
	GlobalSection(ExtensibilityGlobals) = postSolution
		SolutionGuid = {EB90E1D8-59C8-4E81-9C9D-B526AB50912E}
	EndGlobalSection
EndGlobal
